// !$*UTF8*$!
{
	archiveVersion = 1;
	classes = {
	};
	objectVersion = 56;
	objects = {

/* Begin PBXBuildFile section */
		A21A57F616465F265B43C5C7 /* Pods_PatientHealthChart.framework in Frameworks */ = {isa = PBXBuildFile; fileRef = 274029754E6B659FFE8E52D6 /* Pods_PatientHealthChart.framework */; };
		A73453482926EC9100BF64D2 /* AppDelegate.swift in Sources */ = {isa = PBXBuildFile; fileRef = A73453472926EC9100BF64D2 /* AppDelegate.swift */; };
		A734534A2926EC9100BF64D2 /* SceneDelegate.swift in Sources */ = {isa = PBXBuildFile; fileRef = A73453492926EC9100BF64D2 /* SceneDelegate.swift */; };
		A734534C2926EC9100BF64D2 /* ViewController.swift in Sources */ = {isa = PBXBuildFile; fileRef = A734534B2926EC9100BF64D2 /* ViewController.swift */; };
		A734534F2926EC9100BF64D2 /* Main.storyboard in Resources */ = {isa = PBXBuildFile; fileRef = A734534D2926EC9100BF64D2 /* Main.storyboard */; };
		A73453512926EC9300BF64D2 /* Assets.xcassets in Resources */ = {isa = PBXBuildFile; fileRef = A73453502926EC9300BF64D2 /* Assets.xcassets */; };
		A73453542926EC9300BF64D2 /* LaunchScreen.storyboard in Resources */ = {isa = PBXBuildFile; fileRef = A73453522926EC9300BF64D2 /* LaunchScreen.storyboard */; };
		A734535C2926F84F00BF64D2 /* GoogleService-Info.plist in Resources */ = {isa = PBXBuildFile; fileRef = A734535B2926F82A00BF64D2 /* GoogleService-Info.plist */; };
		A73453622927649C00BF64D2 /* KeyChainService.swift in Sources */ = {isa = PBXBuildFile; fileRef = A73453612927649C00BF64D2 /* KeyChainService.swift */; };
		A7345364292764F500BF64D2 /* StringExtension.swift in Sources */ = {isa = PBXBuildFile; fileRef = A7345363292764F500BF64D2 /* StringExtension.swift */; };
		A73453662927706B00BF64D2 /* DashboardViewController.swift in Sources */ = {isa = PBXBuildFile; fileRef = A73453652927706B00BF64D2 /* DashboardViewController.swift */; };
/* End PBXBuildFile section */

/* Begin PBXFileReference section */
		274029754E6B659FFE8E52D6 /* Pods_PatientHealthChart.framework */ = {isa = PBXFileReference; explicitFileType = wrapper.framework; includeInIndex = 0; path = Pods_PatientHealthChart.framework; sourceTree = BUILT_PRODUCTS_DIR; };
		8A834939802020D8DC93308F /* Pods-PatientHealthChart.debug.xcconfig */ = {isa = PBXFileReference; includeInIndex = 1; lastKnownFileType = text.xcconfig; name = "Pods-PatientHealthChart.debug.xcconfig"; path = "Target Support Files/Pods-PatientHealthChart/Pods-PatientHealthChart.debug.xcconfig"; sourceTree = "<group>"; };
		A73453442926EC9100BF64D2 /* PatientHealthChart.app */ = {isa = PBXFileReference; explicitFileType = wrapper.application; includeInIndex = 0; path = PatientHealthChart.app; sourceTree = BUILT_PRODUCTS_DIR; };
		A73453472926EC9100BF64D2 /* AppDelegate.swift */ = {isa = PBXFileReference; lastKnownFileType = sourcecode.swift; path = AppDelegate.swift; sourceTree = "<group>"; };
		A73453492926EC9100BF64D2 /* SceneDelegate.swift */ = {isa = PBXFileReference; lastKnownFileType = sourcecode.swift; path = SceneDelegate.swift; sourceTree = "<group>"; };
		A734534B2926EC9100BF64D2 /* ViewController.swift */ = {isa = PBXFileReference; lastKnownFileType = sourcecode.swift; path = ViewController.swift; sourceTree = "<group>"; };
		A734534E2926EC9100BF64D2 /* Base */ = {isa = PBXFileReference; lastKnownFileType = file.storyboard; name = Base; path = Base.lproj/Main.storyboard; sourceTree = "<group>"; };
		A73453502926EC9300BF64D2 /* Assets.xcassets */ = {isa = PBXFileReference; lastKnownFileType = folder.assetcatalog; path = Assets.xcassets; sourceTree = "<group>"; };
		A73453532926EC9300BF64D2 /* Base */ = {isa = PBXFileReference; lastKnownFileType = file.storyboard; name = Base; path = Base.lproj/LaunchScreen.storyboard; sourceTree = "<group>"; };
		A73453552926EC9300BF64D2 /* Info.plist */ = {isa = PBXFileReference; lastKnownFileType = text.plist.xml; path = Info.plist; sourceTree = "<group>"; };
		A734535B2926F82A00BF64D2 /* GoogleService-Info.plist */ = {isa = PBXFileReference; lastKnownFileType = text.plist.xml; path = "GoogleService-Info.plist"; sourceTree = "<group>"; };
		A73453612927649C00BF64D2 /* KeyChainService.swift */ = {isa = PBXFileReference; lastKnownFileType = sourcecode.swift; path = KeyChainService.swift; sourceTree = "<group>"; };
		A7345363292764F500BF64D2 /* StringExtension.swift */ = {isa = PBXFileReference; lastKnownFileType = sourcecode.swift; path = StringExtension.swift; sourceTree = "<group>"; };
		A73453652927706B00BF64D2 /* DashboardViewController.swift */ = {isa = PBXFileReference; lastKnownFileType = sourcecode.swift; path = DashboardViewController.swift; sourceTree = "<group>"; };
		B7C2659F93D659498B875CE1 /* Pods-PatientHealthChart.release.xcconfig */ = {isa = PBXFileReference; includeInIndex = 1; lastKnownFileType = text.xcconfig; name = "Pods-PatientHealthChart.release.xcconfig"; path = "Target Support Files/Pods-PatientHealthChart/Pods-PatientHealthChart.release.xcconfig"; sourceTree = "<group>"; };
/* End PBXFileReference section */

/* Begin PBXFrameworksBuildPhase section */
		A73453412926EC9100BF64D2 /* Frameworks */ = {
			isa = PBXFrameworksBuildPhase;
			buildActionMask = 2147483647;
			files = (
				A21A57F616465F265B43C5C7 /* Pods_PatientHealthChart.framework in Frameworks */,
			);
			runOnlyForDeploymentPostprocessing = 0;
		};
/* End PBXFrameworksBuildPhase section */

/* Begin PBXGroup section */
		01AAD4BCBF8A12A24B787E2F /* Frameworks */ = {
			isa = PBXGroup;
			children = (
				274029754E6B659FFE8E52D6 /* Pods_PatientHealthChart.framework */,
			);
			name = Frameworks;
			sourceTree = "<group>";
		};
		16673241194321E5441CCE5C /* Pods */ = {
			isa = PBXGroup;
			children = (
				8A834939802020D8DC93308F /* Pods-PatientHealthChart.debug.xcconfig */,
				B7C2659F93D659498B875CE1 /* Pods-PatientHealthChart.release.xcconfig */,
			);
			path = Pods;
			sourceTree = "<group>";
		};
		A734533B2926EC9100BF64D2 = {
			isa = PBXGroup;
			children = (
				A73453462926EC9100BF64D2 /* PatientHealthChart */,
				A73453452926EC9100BF64D2 /* Products */,
				16673241194321E5441CCE5C /* Pods */,
				01AAD4BCBF8A12A24B787E2F /* Frameworks */,
			);
			sourceTree = "<group>";
		};
		A73453452926EC9100BF64D2 /* Products */ = {
			isa = PBXGroup;
			children = (
				A73453442926EC9100BF64D2 /* PatientHealthChart.app */,
			);
			name = Products;
			sourceTree = "<group>";
		};
		A73453462926EC9100BF64D2 /* PatientHealthChart */ = {
			isa = PBXGroup;
			children = (
				A73453602927646600BF64D2 /* Utilities */,
				A734535F2926FCAF00BF64D2 /* Controller */,
				A734535E2926FCA600BF64D2 /* View */,
				A734535D2926FC9C00BF64D2 /* Model */,
				A73453472926EC9100BF64D2 /* AppDelegate.swift */,
				A73453492926EC9100BF64D2 /* SceneDelegate.swift */,
				A73453502926EC9300BF64D2 /* Assets.xcassets */,
				A73453522926EC9300BF64D2 /* LaunchScreen.storyboard */,
				A73453552926EC9300BF64D2 /* Info.plist */,
				A734535B2926F82A00BF64D2 /* GoogleService-Info.plist */,
			);
			path = PatientHealthChart;
			sourceTree = "<group>";
		};
		A734535D2926FC9C00BF64D2 /* Model */ = {
			isa = PBXGroup;
			children = (
			);
			path = Model;
			sourceTree = "<group>";
		};
		A734535E2926FCA600BF64D2 /* View */ = {
			isa = PBXGroup;
			children = (
				A734534D2926EC9100BF64D2 /* Main.storyboard */,
			);
			path = View;
			sourceTree = "<group>";
		};
		A734535F2926FCAF00BF64D2 /* Controller */ = {
			isa = PBXGroup;
			children = (
				A734534B2926EC9100BF64D2 /* ViewController.swift */,
				A73453652927706B00BF64D2 /* DashboardViewController.swift */,
			);
			path = Controller;
			sourceTree = "<group>";
		};
		A73453602927646600BF64D2 /* Utilities */ = {
			isa = PBXGroup;
			children = (
				A73453612927649C00BF64D2 /* KeyChainService.swift */,
				A7345363292764F500BF64D2 /* StringExtension.swift */,
			);
			path = Utilities;
			sourceTree = "<group>";
		};
/* End PBXGroup section */

/* Begin PBXNativeTarget section */
		A73453432926EC9100BF64D2 /* PatientHealthChart */ = {
			isa = PBXNativeTarget;
			buildConfigurationList = A73453582926EC9300BF64D2 /* Build configuration list for PBXNativeTarget "PatientHealthChart" */;
			buildPhases = (
				430440634231EEB2273309BC /* [CP] Check Pods Manifest.lock */,
				A73453402926EC9100BF64D2 /* Sources */,
				A73453412926EC9100BF64D2 /* Frameworks */,
				A73453422926EC9100BF64D2 /* Resources */,
				7C0BB9B86113F2C8FFDEA7B6 /* [CP] Embed Pods Frameworks */,
			);
			buildRules = (
			);
			dependencies = (
			);
			name = PatientHealthChart;
			productName = PatientHealthChart;
			productReference = A73453442926EC9100BF64D2 /* PatientHealthChart.app */;
			productType = "com.apple.product-type.application";
		};
/* End PBXNativeTarget section */

/* Begin PBXProject section */
		A734533C2926EC9100BF64D2 /* Project object */ = {
			isa = PBXProject;
			attributes = {
				BuildIndependentTargetsInParallel = 1;
				LastSwiftUpdateCheck = 1410;
				LastUpgradeCheck = 1410;
				TargetAttributes = {
					A73453432926EC9100BF64D2 = {
						CreatedOnToolsVersion = 14.1;
					};
				};
			};
			buildConfigurationList = A734533F2926EC9100BF64D2 /* Build configuration list for PBXProject "PatientHealthChart" */;
			compatibilityVersion = "Xcode 14.0";
			developmentRegion = en;
			hasScannedForEncodings = 0;
			knownRegions = (
				en,
				Base,
			);
			mainGroup = A734533B2926EC9100BF64D2;
			productRefGroup = A73453452926EC9100BF64D2 /* Products */;
			projectDirPath = "";
			projectRoot = "";
			targets = (
				A73453432926EC9100BF64D2 /* PatientHealthChart */,
			);
		};
/* End PBXProject section */

/* Begin PBXResourcesBuildPhase section */
		A73453422926EC9100BF64D2 /* Resources */ = {
			isa = PBXResourcesBuildPhase;
			buildActionMask = 2147483647;
			files = (
				A73453542926EC9300BF64D2 /* LaunchScreen.storyboard in Resources */,
				A734535C2926F84F00BF64D2 /* GoogleService-Info.plist in Resources */,
				A73453512926EC9300BF64D2 /* Assets.xcassets in Resources */,
				A734534F2926EC9100BF64D2 /* Main.storyboard in Resources */,
			);
			runOnlyForDeploymentPostprocessing = 0;
		};
/* End PBXResourcesBuildPhase section */

/* Begin PBXShellScriptBuildPhase section */
		430440634231EEB2273309BC /* [CP] Check Pods Manifest.lock */ = {
			isa = PBXShellScriptBuildPhase;
			buildActionMask = 2147483647;
			files = (
			);
			inputFileListPaths = (
			);
			inputPaths = (
				"${PODS_PODFILE_DIR_PATH}/Podfile.lock",
				"${PODS_ROOT}/Manifest.lock",
			);
			name = "[CP] Check Pods Manifest.lock";
			outputFileListPaths = (
			);
			outputPaths = (
				"$(DERIVED_FILE_DIR)/Pods-PatientHealthChart-checkManifestLockResult.txt",
			);
			runOnlyForDeploymentPostprocessing = 0;
			shellPath = /bin/sh;
			shellScript = "diff \"${PODS_PODFILE_DIR_PATH}/Podfile.lock\" \"${PODS_ROOT}/Manifest.lock\" > /dev/null\nif [ $? != 0 ] ; then\n    # print error to STDERR\n    echo \"error: The sandbox is not in sync with the Podfile.lock. Run 'pod install' or update your CocoaPods installation.\" >&2\n    exit 1\nfi\n# This output is used by Xcode 'outputs' to avoid re-running this script phase.\necho \"SUCCESS\" > \"${SCRIPT_OUTPUT_FILE_0}\"\n";
			showEnvVarsInLog = 0;
		};
		7C0BB9B86113F2C8FFDEA7B6 /* [CP] Embed Pods Frameworks */ = {
			isa = PBXShellScriptBuildPhase;
			buildActionMask = 2147483647;
			files = (
			);
			inputFileListPaths = (
				"${PODS_ROOT}/Target Support Files/Pods-PatientHealthChart/Pods-PatientHealthChart-frameworks-${CONFIGURATION}-input-files.xcfilelist",
			);
			name = "[CP] Embed Pods Frameworks";
			outputFileListPaths = (
				"${PODS_ROOT}/Target Support Files/Pods-PatientHealthChart/Pods-PatientHealthChart-frameworks-${CONFIGURATION}-output-files.xcfilelist",
			);
			runOnlyForDeploymentPostprocessing = 0;
			shellPath = /bin/sh;
			shellScript = "\"${PODS_ROOT}/Target Support Files/Pods-PatientHealthChart/Pods-PatientHealthChart-frameworks.sh\"\n";
			showEnvVarsInLog = 0;
		};
/* End PBXShellScriptBuildPhase section */

/* Begin PBXSourcesBuildPhase section */
		A73453402926EC9100BF64D2 /* Sources */ = {
			isa = PBXSourcesBuildPhase;
			buildActionMask = 2147483647;
			files = (
				A734534C2926EC9100BF64D2 /* ViewController.swift in Sources */,
				A73453662927706B00BF64D2 /* DashboardViewController.swift in Sources */,
				A73453622927649C00BF64D2 /* KeyChainService.swift in Sources */,
				A7345364292764F500BF64D2 /* StringExtension.swift in Sources */,
				A73453482926EC9100BF64D2 /* AppDelegate.swift in Sources */,
				A734534A2926EC9100BF64D2 /* SceneDelegate.swift in Sources */,
			);
			runOnlyForDeploymentPostprocessing = 0;
		};
/* End PBXSourcesBuildPhase section */

/* Begin PBXVariantGroup section */
		A734534D2926EC9100BF64D2 /* Main.storyboard */ = {
			isa = PBXVariantGroup;
			children = (
				A734534E2926EC9100BF64D2 /* Base */,
			);
			name = Main.storyboard;
			sourceTree = "<group>";
		};
		A73453522926EC9300BF64D2 /* LaunchScreen.storyboard */ = {
			isa = PBXVariantGroup;
			children = (
				A73453532926EC9300BF64D2 /* Base */,
			);
			name = LaunchScreen.storyboard;
			sourceTree = "<group>";
		};
/* End PBXVariantGroup section */

/* Begin XCBuildConfiguration section */
		A73453562926EC9300BF64D2 /* Debug */ = {
			isa = XCBuildConfiguration;
			buildSettings = {
				ALWAYS_SEARCH_USER_PATHS = NO;
				CLANG_ANALYZER_NONNULL = YES;
				CLANG_ANALYZER_NUMBER_OBJECT_CONVERSION = YES_AGGRESSIVE;
				CLANG_CXX_LANGUAGE_STANDARD = "gnu++20";
				CLANG_ENABLE_MODULES = YES;
				CLANG_ENABLE_OBJC_ARC = YES;
				CLANG_ENABLE_OBJC_WEAK = YES;
				CLANG_WARN_BLOCK_CAPTURE_AUTORELEASING = YES;
				CLANG_WARN_BOOL_CONVERSION = YES;
				CLANG_WARN_COMMA = YES;
				CLANG_WARN_CONSTANT_CONVERSION = YES;
				CLANG_WARN_DEPRECATED_OBJC_IMPLEMENTATIONS = YES;
				CLANG_WARN_DIRECT_OBJC_ISA_USAGE = YES_ERROR;
				CLANG_WARN_DOCUMENTATION_COMMENTS = YES;
				CLANG_WARN_EMPTY_BODY = YES;
				CLANG_WARN_ENUM_CONVERSION = YES;
				CLANG_WARN_INFINITE_RECURSION = YES;
				CLANG_WARN_INT_CONVERSION = YES;
				CLANG_WARN_NON_LITERAL_NULL_CONVERSION = YES;
				CLANG_WARN_OBJC_IMPLICIT_RETAIN_SELF = YES;
				CLANG_WARN_OBJC_LITERAL_CONVERSION = YES;
				CLANG_WARN_OBJC_ROOT_CLASS = YES_ERROR;
				CLANG_WARN_QUOTED_INCLUDE_IN_FRAMEWORK_HEADER = YES;
				CLANG_WARN_RANGE_LOOP_ANALYSIS = YES;
				CLANG_WARN_STRICT_PROTOTYPES = YES;
				CLANG_WARN_SUSPICIOUS_MOVE = YES;
				CLANG_WARN_UNGUARDED_AVAILABILITY = YES_AGGRESSIVE;
				CLANG_WARN_UNREACHABLE_CODE = YES;
				CLANG_WARN__DUPLICATE_METHOD_MATCH = YES;
				COPY_PHASE_STRIP = NO;
				DEBUG_INFORMATION_FORMAT = dwarf;
				ENABLE_STRICT_OBJC_MSGSEND = YES;
				ENABLE_TESTABILITY = YES;
				GCC_C_LANGUAGE_STANDARD = gnu11;
				GCC_DYNAMIC_NO_PIC = NO;
				GCC_NO_COMMON_BLOCKS = YES;
				GCC_OPTIMIZATION_LEVEL = 0;
				GCC_PREPROCESSOR_DEFINITIONS = (
					"DEBUG=1",
					"$(inherited)",
				);
				GCC_WARN_64_TO_32_BIT_CONVERSION = YES;
				GCC_WARN_ABOUT_RETURN_TYPE = YES_ERROR;
				GCC_WARN_UNDECLARED_SELECTOR = YES;
				GCC_WARN_UNINITIALIZED_AUTOS = YES_AGGRESSIVE;
				GCC_WARN_UNUSED_FUNCTION = YES;
				GCC_WARN_UNUSED_VARIABLE = YES;
				IPHONEOS_DEPLOYMENT_TARGET = 16.1;
				MTL_ENABLE_DEBUG_INFO = INCLUDE_SOURCE;
				MTL_FAST_MATH = YES;
				ONLY_ACTIVE_ARCH = YES;
				SDKROOT = iphoneos;
				SWIFT_ACTIVE_COMPILATION_CONDITIONS = DEBUG;
				SWIFT_OPTIMIZATION_LEVEL = "-Onone";
			};
			name = Debug;
		};
		A73453572926EC9300BF64D2 /* Release */ = {
			isa = XCBuildConfiguration;
			buildSettings = {
				ALWAYS_SEARCH_USER_PATHS = NO;
				CLANG_ANALYZER_NONNULL = YES;
				CLANG_ANALYZER_NUMBER_OBJECT_CONVERSION = YES_AGGRESSIVE;
				CLANG_CXX_LANGUAGE_STANDARD = "gnu++20";
				CLANG_ENABLE_MODULES = YES;
				CLANG_ENABLE_OBJC_ARC = YES;
				CLANG_ENABLE_OBJC_WEAK = YES;
				CLANG_WARN_BLOCK_CAPTURE_AUTORELEASING = YES;
				CLANG_WARN_BOOL_CONVERSION = YES;
				CLANG_WARN_COMMA = YES;
				CLANG_WARN_CONSTANT_CONVERSION = YES;
				CLANG_WARN_DEPRECATED_OBJC_IMPLEMENTATIONS = YES;
				CLANG_WARN_DIRECT_OBJC_ISA_USAGE = YES_ERROR;
				CLANG_WARN_DOCUMENTATION_COMMENTS = YES;
				CLANG_WARN_EMPTY_BODY = YES;
				CLANG_WARN_ENUM_CONVERSION = YES;
				CLANG_WARN_INFINITE_RECURSION = YES;
				CLANG_WARN_INT_CONVERSION = YES;
				CLANG_WARN_NON_LITERAL_NULL_CONVERSION = YES;
				CLANG_WARN_OBJC_IMPLICIT_RETAIN_SELF = YES;
				CLANG_WARN_OBJC_LITERAL_CONVERSION = YES;
				CLANG_WARN_OBJC_ROOT_CLASS = YES_ERROR;
				CLANG_WARN_QUOTED_INCLUDE_IN_FRAMEWORK_HEADER = YES;
				CLANG_WARN_RANGE_LOOP_ANALYSIS = YES;
				CLANG_WARN_STRICT_PROTOTYPES = YES;
				CLANG_WARN_SUSPICIOUS_MOVE = YES;
				CLANG_WARN_UNGUARDED_AVAILABILITY = YES_AGGRESSIVE;
				CLANG_WARN_UNREACHABLE_CODE = YES;
				CLANG_WARN__DUPLICATE_METHOD_MATCH = YES;
				COPY_PHASE_STRIP = NO;
				DEBUG_INFORMATION_FORMAT = "dwarf-with-dsym";
				ENABLE_NS_ASSERTIONS = NO;
				ENABLE_STRICT_OBJC_MSGSEND = YES;
				GCC_C_LANGUAGE_STANDARD = gnu11;
				GCC_NO_COMMON_BLOCKS = YES;
				GCC_WARN_64_TO_32_BIT_CONVERSION = YES;
				GCC_WARN_ABOUT_RETURN_TYPE = YES_ERROR;
				GCC_WARN_UNDECLARED_SELECTOR = YES;
				GCC_WARN_UNINITIALIZED_AUTOS = YES_AGGRESSIVE;
				GCC_WARN_UNUSED_FUNCTION = YES;
				GCC_WARN_UNUSED_VARIABLE = YES;
				IPHONEOS_DEPLOYMENT_TARGET = 16.1;
				MTL_ENABLE_DEBUG_INFO = NO;
				MTL_FAST_MATH = YES;
				SDKROOT = iphoneos;
				SWIFT_COMPILATION_MODE = wholemodule;
				SWIFT_OPTIMIZATION_LEVEL = "-O";
				VALIDATE_PRODUCT = YES;
			};
			name = Release;
		};
		A73453592926EC9300BF64D2 /* Debug */ = {
			isa = XCBuildConfiguration;
			baseConfigurationReference = 8A834939802020D8DC93308F /* Pods-PatientHealthChart.debug.xcconfig */;
			buildSettings = {
				ASSETCATALOG_COMPILER_APPICON_NAME = AppIcon;
				ASSETCATALOG_COMPILER_GLOBAL_ACCENT_COLOR_NAME = AccentColor;
				CODE_SIGN_STYLE = Automatic;
				CURRENT_PROJECT_VERSION = 1;
				GENERATE_INFOPLIST_FILE = YES;
				INFOPLIST_FILE = PatientHealthChart/Info.plist;
				INFOPLIST_KEY_UIApplicationSupportsIndirectInputEvents = YES;
				INFOPLIST_KEY_UILaunchStoryboardName = LaunchScreen;
				INFOPLIST_KEY_UIMainStoryboardFile = Main;
				INFOPLIST_KEY_UISupportedInterfaceOrientations_iPad = "UIInterfaceOrientationPortrait UIInterfaceOrientationPortraitUpsideDown UIInterfaceOrientationLandscapeLeft UIInterfaceOrientationLandscapeRight";
				INFOPLIST_KEY_UISupportedInterfaceOrientations_iPhone = "UIInterfaceOrientationPortrait UIInterfaceOrientationLandscapeLeft UIInterfaceOrientationLandscapeRight";
				LD_RUNPATH_SEARCH_PATHS = (
					"$(inherited)",
					"@executable_path/Frameworks",
				);
				MARKETING_VERSION = 1.0;
				PRODUCT_BUNDLE_IDENTIFIER = edu.northeastern.jiayin.PatientHealthChart;
				PRODUCT_NAME = "$(TARGET_NAME)";
				SWIFT_EMIT_LOC_STRINGS = YES;
				SWIFT_VERSION = 5.0;
				TARGETED_DEVICE_FAMILY = "1,2";
			};
			name = Debug;
		};
		A734535A2926EC9300BF64D2 /* Release */ = {
			isa = XCBuildConfiguration;
			baseConfigurationReference = B7C2659F93D659498B875CE1 /* Pods-PatientHealthChart.release.xcconfig */;
			buildSettings = {
				ASSETCATALOG_COMPILER_APPICON_NAME = AppIcon;
				ASSETCATALOG_COMPILER_GLOBAL_ACCENT_COLOR_NAME = AccentColor;
				CODE_SIGN_STYLE = Automatic;
				CURRENT_PROJECT_VERSION = 1;
				GENERATE_INFOPLIST_FILE = YES;
				INFOPLIST_FILE = PatientHealthChart/Info.plist;
				INFOPLIST_KEY_UIApplicationSupportsIndirectInputEvents = YES;
				INFOPLIST_KEY_UILaunchStoryboardName = LaunchScreen;
				INFOPLIST_KEY_UIMainStoryboardFile = Main;
				INFOPLIST_KEY_UISupportedInterfaceOrientations_iPad = "UIInterfaceOrientationPortrait UIInterfaceOrientationPortraitUpsideDown UIInterfaceOrientationLandscapeLeft UIInterfaceOrientationLandscapeRight";
				INFOPLIST_KEY_UISupportedInterfaceOrientations_iPhone = "UIInterfaceOrientationPortrait UIInterfaceOrientationLandscapeLeft UIInterfaceOrientationLandscapeRight";
				LD_RUNPATH_SEARCH_PATHS = (
					"$(inherited)",
					"@executable_path/Frameworks",
				);
				MARKETING_VERSION = 1.0;
				PRODUCT_BUNDLE_IDENTIFIER = edu.northeastern.jiayin.PatientHealthChart;
				PRODUCT_NAME = "$(TARGET_NAME)";
				SWIFT_EMIT_LOC_STRINGS = YES;
				SWIFT_VERSION = 5.0;
				TARGETED_DEVICE_FAMILY = "1,2";
			};
			name = Release;
		};
/* End XCBuildConfiguration section */

/* Begin XCConfigurationList section */
		A734533F2926EC9100BF64D2 /* Build configuration list for PBXProject "PatientHealthChart" */ = {
			isa = XCConfigurationList;
			buildConfigurations = (
				A73453562926EC9300BF64D2 /* Debug */,
				A73453572926EC9300BF64D2 /* Release */,
			);
			defaultConfigurationIsVisible = 0;
			defaultConfigurationName = Release;
		};
		A73453582926EC9300BF64D2 /* Build configuration list for PBXNativeTarget "PatientHealthChart" */ = {
			isa = XCConfigurationList;
			buildConfigurations = (
				A73453592926EC9300BF64D2 /* Debug */,
				A734535A2926EC9300BF64D2 /* Release */,
			);
			defaultConfigurationIsVisible = 0;
			defaultConfigurationName = Release;
		};
/* End XCConfigurationList section */
	};
	rootObject = A734533C2926EC9100BF64D2 /* Project object */;
}
